
Microsoft Visual Studio Solution File, Format Version 12.00
# Visual Studio Version 17
VisualStudioVersion = 17.12.35707.178 d17.12
MinimumVisualStudioVersion = 10.0.40219.1
Project("{FAE04EC0-301F-11D3-BF4B-00C04F79EFBC}") = "TaskManagement.API", "TaskManagement.API\TaskManagement.API.csproj", "{581873F5-AFD5-4D44-BB4C-B0AD3A3450D1}"
EndProject
Project("{FAE04EC0-301F-11D3-BF4B-00C04F79EFBC}") = "TaskManagement.Communication", "TaskManagement.Communication\TaskManagement.Communication.csproj", "{9BEFEF50-2CD3-4F35-A027-33768CA5C842}"
EndProject
Project("{FAE04EC0-301F-11D3-BF4B-00C04F79EFBC}") = "TaskManagement.Application", "TaskManagement.Application\TaskManagement.Application.csproj", "{FA4BB65C-652C-447A-9741-79F75D5266DD}"
EndProject
Global
	GlobalSection(SolutionConfigurationPlatforms) = preSolution
		Debug|Any CPU = Debug|Any CPU
		Release|Any CPU = Release|Any CPU
	EndGlobalSection
	GlobalSection(ProjectConfigurationPlatforms) = postSolution
		{581873F5-AFD5-4D44-BB4C-B0AD3A3450D1}.Debug|Any CPU.ActiveCfg = Debug|Any CPU
		{581873F5-AFD5-4D44-BB4C-B0AD3A3450D1}.Debug|Any CPU.Build.0 = Debug|Any CPU
		{581873F5-AFD5-4D44-BB4C-B0AD3A3450D1}.Release|Any CPU.ActiveCfg = Release|Any CPU
		{581873F5-AFD5-4D44-BB4C-B0AD3A3450D1}.Release|Any CPU.Build.0 = Release|Any CPU
		{9BEFEF50-2CD3-4F35-A027-33768CA5C842}.Debug|Any CPU.ActiveCfg = Debug|Any CPU
		{9BEFEF50-2CD3-4F35-A027-33768CA5C842}.Debug|Any CPU.Build.0 = Debug|Any CPU
		{9BEFEF50-2CD3-4F35-A027-33768CA5C842}.Release|Any CPU.ActiveCfg = Release|Any CPU
		{9BEFEF50-2CD3-4F35-A027-33768CA5C842}.Release|Any CPU.Build.0 = Release|Any CPU
		{FA4BB65C-652C-447A-9741-79F75D5266DD}.Debug|Any CPU.ActiveCfg = Debug|Any CPU
		{FA4BB65C-652C-447A-9741-79F75D5266DD}.Debug|Any CPU.Build.0 = Debug|Any CPU
		{FA4BB65C-652C-447A-9741-79F75D5266DD}.Release|Any CPU.ActiveCfg = Release|Any CPU
		{FA4BB65C-652C-447A-9741-79F75D5266DD}.Release|Any CPU.Build.0 = Release|Any CPU
	EndGlobalSection
	GlobalSection(SolutionProperties) = preSolution
		HideSolutionNode = FALSE
	EndGlobalSection
EndGlobal
